{
  "originHash" : "959169d138ec0e2fb547295f63339ca8abf25922aa1d3e3c37d3a8b51ac6abc7",
  "pins" : [
    {
      "identity" : "purchases-hybrid-common",
      "kind" : "remoteSourceControl",
      "location" : "https://github.com/RevenueCat/purchases-hybrid-common",
      "state" : {
        "revision" : "c338a7c6c4822a4680b95351e5d06614130b0f1e",
        "version" : "13.26.0"
      }
    },
    {
      "identity" : "purchases-ios-spm",
      "kind" : "remoteSourceControl",
      "location" : "https://github.com/RevenueCat/purchases-ios-spm",
      "state" : {
        "revision" : "562c92396a186e01e7f5cd42bb29471981347332",
        "version" : "5.20.0"
      }
    }
  ],
  "version" : 3
}
